
Microsoft Visual Studio Solution File, Format Version 12.00
# Visual Studio Version 16
VisualStudioVersion = 16.0.28729.10
MinimumVisualStudioVersion = 10.0.40219.1
Project("{FAE04EC0-301F-11D3-BF4B-00C04F79EFBC}") = "Nonogram", "Nonogram\Nonogram.csproj", "{5B6D1D7E-CB95-48BD-A793-E5876FF91D34}"
EndProject
Project("{FAE04EC0-301F-11D3-BF4B-00C04F79EFBC}") = "BoardTestProject", "TestProject\BoardTestProject.csproj", "{9076C54A-1693-41E0-AD01-3B05B0D033CB}"
EndProject
Global
	GlobalSection(SolutionConfigurationPlatforms) = preSolution
		Debug|Any CPU = Debug|Any CPU
		Release|Any CPU = Release|Any CPU
	EndGlobalSection
	GlobalSection(ProjectConfigurationPlatforms) = postSolution
		{5B6D1D7E-CB95-48BD-A793-E5876FF91D34}.Debug|Any CPU.ActiveCfg = Debug|Any CPU
		{5B6D1D7E-CB95-48BD-A793-E5876FF91D34}.Debug|Any CPU.Build.0 = Debug|Any CPU
		{5B6D1D7E-CB95-48BD-A793-E5876FF91D34}.Release|Any CPU.ActiveCfg = Release|Any CPU
		{5B6D1D7E-CB95-48BD-A793-E5876FF91D34}.Release|Any CPU.Build.0 = Release|Any CPU
		{9076C54A-1693-41E0-AD01-3B05B0D033CB}.Debug|Any CPU.ActiveCfg = Debug|Any CPU
		{9076C54A-1693-41E0-AD01-3B05B0D033CB}.Debug|Any CPU.Build.0 = Debug|Any CPU
		{9076C54A-1693-41E0-AD01-3B05B0D033CB}.Release|Any CPU.ActiveCfg = Release|Any CPU
		{9076C54A-1693-41E0-AD01-3B05B0D033CB}.Release|Any CPU.Build.0 = Release|Any CPU
	EndGlobalSection
	GlobalSection(SolutionProperties) = preSolution
		HideSolutionNode = FALSE
	EndGlobalSection
	GlobalSection(ExtensibilityGlobals) = postSolution
		SolutionGuid = {EFA304CE-C58D-4DAE-986A-3EC70351A826}
	EndGlobalSection
EndGlobal
